github.com/NOT-REAL-GAMES/sdl3go v0.0.0-20251114005927-bb24859461ee h1:T33BeI5uHY1qcG+3d2fZNLkmbXSlFw2Llts24X9Urlg=
github.com/NOT-REAL-GAMES/sdl3go v0.0.0-20251114005927-bb24859461ee/go.mod h1:Scsr4cSkLYiX8+3hydW+mHhmzX2N+vyrNxpMHFtkMLI=
github.com/NOT-REAL-GAMES/sdl3go v0.0.0-20251114010435-3512bde98661 h1:9VfAtGPePxm8DCqjoefdzGCtVVAZC3xl5i/48hloe9Q=
github.com/NOT-REAL-GAMES/sdl3go v0.0.0-20251114010435-3512bde98661/go.mod h1:Scsr4cSkLYiX8+3hydW+mHhmzX2N+vyrNxpMHFtkMLI=
