github.com/NOT-REAL-GAMES/sdl3go v0.0.0-20251114015427-16444053cbca h1:3IQrr2urByvdVj1Zoon/lZejyYWhkb/r5ke8mbb6GR0=
github.com/NOT-REAL-GAMES/sdl3go v0.0.0-20251114015427-16444053cbca/go.mod h1:Scsr4cSkLYiX8+3hydW+mHhmzX2N+vyrNxpMHFtkMLI=
github.com/NOT-REAL-GAMES/vulkango v0.0.0-20251114171301-349a5bdc3ea0 h1:PKLjQhXM4jFdu1BVasgozTScs26qzul/2TLOQ3e32a4=
github.com/NOT-REAL-GAMES/vulkango v0.0.0-20251114171301-349a5bdc3ea0/go.mod h1:4kwyoJ9Sy/CdQpec3FcedeHys84wp/VruKocDobDTao=
github.com/NOT-REAL-GAMES/vulkango v0.0.0-20251114215909-0394a5d7af12 h1:aGOn7ZOGBJbK+0XksGwzA5kEUzjEIMPGgVxVnCBABS8=
github.com/NOT-REAL-GAMES/vulkango v0.0.0-20251114215909-0394a5d7af12/go.mod h1:4kwyoJ9Sy/CdQpec3FcedeHys84wp/VruKocDobDTao=
golang.org/x/sync v0.18.0 h1:kr88TuHDroi+UVf+0hZnirlk8o8T+4MrK6mr60WkH/I=
golang.org/x/sync v0.18.0/go.mod h1:9KTHXmSnoGruLpwFjVSX0lNNA75CykiMECbovNTZqGI=
